
Microsoft Visual Studio Solution File, Format Version 12.00
# Visual Studio Version 17
VisualStudioVersion = 17.13.35828.75 d17.13
MinimumVisualStudioVersion = 10.0.40219.1
Project("{FAE04EC0-301F-11D3-BF4B-00C04F79EFBC}") = "ClientExecutor", "ClientExecutor\ClientExecutor.csproj", "{EF61CBDD-4E06-4B21-8A26-4492958CE69B}"
EndProject
Global
	GlobalSection(SolutionConfigurationPlatforms) = preSolution
		Debug|Any CPU = Debug|Any CPU
		Release|Any CPU = Release|Any CPU
	EndGlobalSection
	GlobalSection(ProjectConfigurationPlatforms) = postSolution
		{EF61CBDD-4E06-4B21-8A26-4492958CE69B}.Debug|Any CPU.ActiveCfg = Debug|Any CPU
		{EF61CBDD-4E06-4B21-8A26-4492958CE69B}.Debug|Any CPU.Build.0 = Debug|Any CPU
		{EF61CBDD-4E06-4B21-8A26-4492958CE69B}.Release|Any CPU.ActiveCfg = Release|Any CPU
		{EF61CBDD-4E06-4B21-8A26-4492958CE69B}.Release|Any CPU.Build.0 = Release|Any CPU
	EndGlobalSection
	GlobalSection(SolutionProperties) = preSolution
		HideSolutionNode = FALSE
	EndGlobalSection
	GlobalSection(ExtensibilityGlobals) = postSolution
		SolutionGuid = {CC3A492F-BDEE-4827-867E-D22103941C77}
	EndGlobalSection
EndGlobal
